
Microsoft Visual Studio Solution File, Format Version 12.00
# Visual Studio Version 17
VisualStudioVersion = 17.4.33110.190
MinimumVisualStudioVersion = 10.0.40219.1
Project("{00D1A9C2-B5F0-4AF3-8072-F6C62B433612}") = "CLRDateConverter", "CLRDateConverter.sqlproj", "{BA8AAA39-C874-4479-81A9-220556EB0FC8}"
EndProject
Global
	GlobalSection(SolutionConfigurationPlatforms) = preSolution
		Debug|Any CPU = Debug|Any CPU
		Release|Any CPU = Release|Any CPU
	EndGlobalSection
	GlobalSection(ProjectConfigurationPlatforms) = postSolution
		{BA8AAA39-C874-4479-81A9-220556EB0FC8}.Debug|Any CPU.ActiveCfg = Debug|Any CPU
		{BA8AAA39-C874-4479-81A9-220556EB0FC8}.Debug|Any CPU.Build.0 = Debug|Any CPU
		{BA8AAA39-C874-4479-81A9-220556EB0FC8}.Debug|Any CPU.Deploy.0 = Debug|Any CPU
		{BA8AAA39-C874-4479-81A9-220556EB0FC8}.Release|Any CPU.ActiveCfg = Release|Any CPU
		{BA8AAA39-C874-4479-81A9-220556EB0FC8}.Release|Any CPU.Build.0 = Release|Any CPU
		{BA8AAA39-C874-4479-81A9-220556EB0FC8}.Release|Any CPU.Deploy.0 = Release|Any CPU
	EndGlobalSection
	GlobalSection(SolutionProperties) = preSolution
		HideSolutionNode = FALSE
	EndGlobalSection
	GlobalSection(ExtensibilityGlobals) = postSolution
		SolutionGuid = {12B9CDE4-F12A-4B1D-A0EA-59CF6200FCB3}
	EndGlobalSection
EndGlobal
